
Microsoft Visual Studio Solution File, Format Version 12.00
# Visual Studio Version 16
VisualStudioVersion = 16.0.32126.315
MinimumVisualStudioVersion = 10.0.40219.1
Project("{FAE04EC0-301F-11D3-BF4B-00C04F79EFBC}") = "ShopApp.WebUI", "ShopApp.WebUI\ShopApp.WebUI.csproj", "{B26DD148-0339-47C9-A9FA-3B49EBDAB2C1}"
EndProject
Project("{FAE04EC0-301F-11D3-BF4B-00C04F79EFBC}") = "ShopApp.Business", "ShopApp.Business\ShopApp.Business.csproj", "{7DF76DDE-90C5-4E24-86F5-FCEAEE00E343}"
EndProject
Project("{FAE04EC0-301F-11D3-BF4B-00C04F79EFBC}") = "ShopApp.Data", "ShopApp.Data\ShopApp.Data.csproj", "{43597A9B-4907-4D4A-94E0-7352B809A551}"
EndProject
Project("{FAE04EC0-301F-11D3-BF4B-00C04F79EFBC}") = "ShopApp.Entity", "ShopApp.Entity\ShopApp.Entity.csproj", "{FC64CCFA-D439-49F9-91C9-8DF0A956241A}"
EndProject
Global
	GlobalSection(SolutionConfigurationPlatforms) = preSolution
		Debug|Any CPU = Debug|Any CPU
		Release|Any CPU = Release|Any CPU
	EndGlobalSection
	GlobalSection(ProjectConfigurationPlatforms) = postSolution
		{B26DD148-0339-47C9-A9FA-3B49EBDAB2C1}.Debug|Any CPU.ActiveCfg = Debug|Any CPU
		{B26DD148-0339-47C9-A9FA-3B49EBDAB2C1}.Debug|Any CPU.Build.0 = Debug|Any CPU
		{B26DD148-0339-47C9-A9FA-3B49EBDAB2C1}.Release|Any CPU.ActiveCfg = Release|Any CPU
		{B26DD148-0339-47C9-A9FA-3B49EBDAB2C1}.Release|Any CPU.Build.0 = Release|Any CPU
		{7DF76DDE-90C5-4E24-86F5-FCEAEE00E343}.Debug|Any CPU.ActiveCfg = Debug|Any CPU
		{7DF76DDE-90C5-4E24-86F5-FCEAEE00E343}.Debug|Any CPU.Build.0 = Debug|Any CPU
		{7DF76DDE-90C5-4E24-86F5-FCEAEE00E343}.Release|Any CPU.ActiveCfg = Release|Any CPU
		{7DF76DDE-90C5-4E24-86F5-FCEAEE00E343}.Release|Any CPU.Build.0 = Release|Any CPU
		{43597A9B-4907-4D4A-94E0-7352B809A551}.Debug|Any CPU.ActiveCfg = Debug|Any CPU
		{43597A9B-4907-4D4A-94E0-7352B809A551}.Debug|Any CPU.Build.0 = Debug|Any CPU
		{43597A9B-4907-4D4A-94E0-7352B809A551}.Release|Any CPU.ActiveCfg = Release|Any CPU
		{43597A9B-4907-4D4A-94E0-7352B809A551}.Release|Any CPU.Build.0 = Release|Any CPU
		{FC64CCFA-D439-49F9-91C9-8DF0A956241A}.Debug|Any CPU.ActiveCfg = Debug|Any CPU
		{FC64CCFA-D439-49F9-91C9-8DF0A956241A}.Debug|Any CPU.Build.0 = Debug|Any CPU
		{FC64CCFA-D439-49F9-91C9-8DF0A956241A}.Release|Any CPU.ActiveCfg = Release|Any CPU
		{FC64CCFA-D439-49F9-91C9-8DF0A956241A}.Release|Any CPU.Build.0 = Release|Any CPU
	EndGlobalSection
	GlobalSection(SolutionProperties) = preSolution
		HideSolutionNode = FALSE
	EndGlobalSection
	GlobalSection(ExtensibilityGlobals) = postSolution
		SolutionGuid = {F566558C-E832-4C09-A172-C538E4B434DE}
	EndGlobalSection
EndGlobal
